
Microsoft Visual Studio Solution File, Format Version 12.00
# Visual Studio Version 16
VisualStudioVersion = 16.0.34931.43
MinimumVisualStudioVersion = 10.0.40219.1
Project("{9A19103F-16F7-4668-BE54-9A1E7A4F7556}") = "01_DATA_TYPES", "01_DATA_TYPES\01_DATA_TYPES.csproj", "{4B84A0C3-3573-413D-9B6E-B7ACE5B3D7A1}"
EndProject
Project("{9A19103F-16F7-4668-BE54-9A1E7A4F7556}") = "02_OPERTORS", "02_OPERTORS\02_OPERTORS.csproj", "{0069977C-3575-4978-88DA-16E027655744}"
EndProject
Project("{9A19103F-16F7-4668-BE54-9A1E7A4F7556}") = "03_CONTROL_FLOW", "03_CONTROL_FLOW\03_CONTROL_FLOW.csproj", "{84933261-FCBE-41EB-A9E2-4581C6A318C9}"
EndProject
Project("{9A19103F-16F7-4668-BE54-9A1E7A4F7556}") = "04_LOOP_EXAMPLE", "05_LOOP_EXAMPLE\04_LOOP_EXAMPLE.csproj", "{02B5E5EF-F645-44DF-9822-605C24991779}"
EndProject
Project("{9A19103F-16F7-4668-BE54-9A1E7A4F7556}") = "05_FUNCTION_EXAMPLE", "05_FUNCTION_EXAMPLE\05_FUNCTION_EXAMPLE.csproj", "{EBBBE5F0-44C1-4D67-846A-4EBE65340D0F}"
EndProject
Project("{9A19103F-16F7-4668-BE54-9A1E7A4F7556}") = "06_INPUT_OUTPUT_EXAMPLE", "06_INPUT_OUTPUT_EXAMPLE\06_INPUT_OUTPUT_EXAMPLE.csproj", "{1064C22B-2C5B-4075-B290-E907768F3B13}"
EndProject
Project("{9A19103F-16F7-4668-BE54-9A1E7A4F7556}") = "07_COMMAND_LINE_ARGUMENT", "07_COMMAND_LINE_ARGUMENT\07_COMMAND_LINE_ARGUMENT.csproj", "{0A3C60F8-4099-4DFD-9F05-239A771363D2}"
EndProject
Project("{9A19103F-16F7-4668-BE54-9A1E7A4F7556}") = "08_STATIC_DEMO", "08_STATIC_DEMO\08_STATIC_DEMO.csproj", "{289218D5-78AB-435B-9669-50BC73803A03}"
EndProject
Project("{FAE04EC0-301F-11D3-BF4B-00C04F79EFBC}") = "09_CONST_READONLY", "09_CONST_READONLY\09_CONST_READONLY.csproj", "{F052ED8C-EB7B-4552-8503-9A3BCE524D70}"
EndProject
Project("{FAE04EC0-301F-11D3-BF4B-00C04F79EFBC}") = "10_PROPERTIES", "10_PROPERTIES\10_PROPERTIES.csproj", "{D1C0C784-86A7-4E5C-A47E-67793C062FAB}"
EndProject
Global
	GlobalSection(SolutionConfigurationPlatforms) = preSolution
		Debug|Any CPU = Debug|Any CPU
		Release|Any CPU = Release|Any CPU
	EndGlobalSection
	GlobalSection(ProjectConfigurationPlatforms) = postSolution
		{4B84A0C3-3573-413D-9B6E-B7ACE5B3D7A1}.Debug|Any CPU.ActiveCfg = Debug|Any CPU
		{4B84A0C3-3573-413D-9B6E-B7ACE5B3D7A1}.Debug|Any CPU.Build.0 = Debug|Any CPU
		{4B84A0C3-3573-413D-9B6E-B7ACE5B3D7A1}.Release|Any CPU.ActiveCfg = Release|Any CPU
		{4B84A0C3-3573-413D-9B6E-B7ACE5B3D7A1}.Release|Any CPU.Build.0 = Release|Any CPU
		{0069977C-3575-4978-88DA-16E027655744}.Debug|Any CPU.ActiveCfg = Debug|Any CPU
		{0069977C-3575-4978-88DA-16E027655744}.Debug|Any CPU.Build.0 = Debug|Any CPU
		{0069977C-3575-4978-88DA-16E027655744}.Release|Any CPU.ActiveCfg = Release|Any CPU
		{0069977C-3575-4978-88DA-16E027655744}.Release|Any CPU.Build.0 = Release|Any CPU
		{84933261-FCBE-41EB-A9E2-4581C6A318C9}.Debug|Any CPU.ActiveCfg = Debug|Any CPU
		{84933261-FCBE-41EB-A9E2-4581C6A318C9}.Debug|Any CPU.Build.0 = Debug|Any CPU
		{84933261-FCBE-41EB-A9E2-4581C6A318C9}.Release|Any CPU.ActiveCfg = Release|Any CPU
		{84933261-FCBE-41EB-A9E2-4581C6A318C9}.Release|Any CPU.Build.0 = Release|Any CPU
		{02B5E5EF-F645-44DF-9822-605C24991779}.Debug|Any CPU.ActiveCfg = Debug|Any CPU
		{02B5E5EF-F645-44DF-9822-605C24991779}.Debug|Any CPU.Build.0 = Debug|Any CPU
		{02B5E5EF-F645-44DF-9822-605C24991779}.Release|Any CPU.ActiveCfg = Release|Any CPU
		{02B5E5EF-F645-44DF-9822-605C24991779}.Release|Any CPU.Build.0 = Release|Any CPU
		{EBBBE5F0-44C1-4D67-846A-4EBE65340D0F}.Debug|Any CPU.ActiveCfg = Debug|Any CPU
		{EBBBE5F0-44C1-4D67-846A-4EBE65340D0F}.Debug|Any CPU.Build.0 = Debug|Any CPU
		{EBBBE5F0-44C1-4D67-846A-4EBE65340D0F}.Release|Any CPU.ActiveCfg = Release|Any CPU
		{EBBBE5F0-44C1-4D67-846A-4EBE65340D0F}.Release|Any CPU.Build.0 = Release|Any CPU
		{1064C22B-2C5B-4075-B290-E907768F3B13}.Debug|Any CPU.ActiveCfg = Debug|Any CPU
		{1064C22B-2C5B-4075-B290-E907768F3B13}.Debug|Any CPU.Build.0 = Debug|Any CPU
		{1064C22B-2C5B-4075-B290-E907768F3B13}.Release|Any CPU.ActiveCfg = Release|Any CPU
		{1064C22B-2C5B-4075-B290-E907768F3B13}.Release|Any CPU.Build.0 = Release|Any CPU
		{0A3C60F8-4099-4DFD-9F05-239A771363D2}.Debug|Any CPU.ActiveCfg = Debug|Any CPU
		{0A3C60F8-4099-4DFD-9F05-239A771363D2}.Debug|Any CPU.Build.0 = Debug|Any CPU
		{0A3C60F8-4099-4DFD-9F05-239A771363D2}.Release|Any CPU.ActiveCfg = Release|Any CPU
		{0A3C60F8-4099-4DFD-9F05-239A771363D2}.Release|Any CPU.Build.0 = Release|Any CPU
		{289218D5-78AB-435B-9669-50BC73803A03}.Debug|Any CPU.ActiveCfg = Debug|Any CPU
		{289218D5-78AB-435B-9669-50BC73803A03}.Debug|Any CPU.Build.0 = Debug|Any CPU
		{289218D5-78AB-435B-9669-50BC73803A03}.Release|Any CPU.ActiveCfg = Release|Any CPU
		{289218D5-78AB-435B-9669-50BC73803A03}.Release|Any CPU.Build.0 = Release|Any CPU
		{F052ED8C-EB7B-4552-8503-9A3BCE524D70}.Debug|Any CPU.ActiveCfg = Debug|Any CPU
		{F052ED8C-EB7B-4552-8503-9A3BCE524D70}.Debug|Any CPU.Build.0 = Debug|Any CPU
		{F052ED8C-EB7B-4552-8503-9A3BCE524D70}.Release|Any CPU.ActiveCfg = Release|Any CPU
		{F052ED8C-EB7B-4552-8503-9A3BCE524D70}.Release|Any CPU.Build.0 = Release|Any CPU
		{D1C0C784-86A7-4E5C-A47E-67793C062FAB}.Debug|Any CPU.ActiveCfg = Debug|Any CPU
		{D1C0C784-86A7-4E5C-A47E-67793C062FAB}.Debug|Any CPU.Build.0 = Debug|Any CPU
		{D1C0C784-86A7-4E5C-A47E-67793C062FAB}.Release|Any CPU.ActiveCfg = Release|Any CPU
		{D1C0C784-86A7-4E5C-A47E-67793C062FAB}.Release|Any CPU.Build.0 = Release|Any CPU
	EndGlobalSection
	GlobalSection(SolutionProperties) = preSolution
		HideSolutionNode = FALSE
	EndGlobalSection
	GlobalSection(ExtensibilityGlobals) = postSolution
		SolutionGuid = {ABD54A2D-CF7E-4A70-B4B0-F699130E831B}
	EndGlobalSection
EndGlobal
